// !$*UTF8*$!
{
	archiveVersion = 1;
	classes = {
	};
	objectVersion = 50;
	objects = {

/* Begin PBXBuildFile section */
		AC81A3252387A19D00C03910 /* AppDelegate.swift in Sources */ = {isa = PBXBuildFile; fileRef = AC81A3242387A19D00C03910 /* AppDelegate.swift */; };
		AC81A3272387A19D00C03910 /* ViewController.swift in Sources */ = {isa = PBXBuildFile; fileRef = AC81A3262387A19D00C03910 /* ViewController.swift */; };
		AC81A32A2387A19D00C03910 /* Main.storyboard in Resources */ = {isa = PBXBuildFile; fileRef = AC81A3282387A19D00C03910 /* Main.storyboard */; };
		AC81A32C2387A1A600C03910 /* Assets.xcassets in Resources */ = {isa = PBXBuildFile; fileRef = AC81A32B2387A1A600C03910 /* Assets.xcassets */; };
		AC81A32F2387A1A600C03910 /* LaunchScreen.storyboard in Resources */ = {isa = PBXBuildFile; fileRef = AC81A32D2387A1A600C03910 /* LaunchScreen.storyboard */; };
		AC81A33A2387A1A600C03910 /* Test1Tests.swift in Sources */ = {isa = PBXBuildFile; fileRef = AC81A3392387A1A600C03910 /* Test1Tests.swift */; };
		AC81A3452387A1A600C03910 /* Test1UITests.swift in Sources */ = {isa = PBXBuildFile; fileRef = AC81A3442387A1A600C03910 /* Test1UITests.swift */; };
/* End PBXBuildFile section */

/* Begin PBXContainerItemProxy section */
		AC81A3362387A1A600C03910 /* PBXContainerItemProxy */ = {
			isa = PBXContainerItemProxy;
			containerPortal = AC81A3192387A19D00C03910 /* Project object */;
			proxyType = 1;
			remoteGlobalIDString = AC81A3202387A19D00C03910;
			remoteInfo = Test1;
		};
		AC81A3412387A1A600C03910 /* PBXContainerItemProxy */ = {
			isa = PBXContainerItemProxy;
			containerPortal = AC81A3192387A19D00C03910 /* Project object */;
			proxyType = 1;
			remoteGlobalIDString = AC81A3202387A19D00C03910;
			remoteInfo = Test1;
		};
/* End PBXContainerItemProxy section */

/* Begin PBXFileReference section */
		AC81A3212387A19D00C03910 /* Test1.app */ = {isa = PBXFileReference; explicitFileType = wrapper.application; includeInIndex = 0; path = Test1.app; sourceTree = BUILT_PRODUCTS_DIR; };
		AC81A3242387A19D00C03910 /* AppDelegate.swift */ = {isa = PBXFileReference; lastKnownFileType = sourcecode.swift; path = AppDelegate.swift; sourceTree = "<group>"; };
		AC81A3262387A19D00C03910 /* ViewController.swift */ = {isa = PBXFileReference; lastKnownFileType = sourcecode.swift; path = ViewController.swift; sourceTree = "<group>"; };
		AC81A3292387A19D00C03910 /* Base */ = {isa = PBXFileReference; lastKnownFileType = file.storyboard; name = Base; path = Base.lproj/Main.storyboard; sourceTree = "<group>"; };
		AC81A32B2387A1A600C03910 /* Assets.xcassets */ = {isa = PBXFileReference; lastKnownFileType = folder.assetcatalog; path = Assets.xcassets; sourceTree = "<group>"; };
		AC81A32E2387A1A600C03910 /* Base */ = {isa = PBXFileReference; lastKnownFileType = file.storyboard; name = Base; path = Base.lproj/LaunchScreen.storyboard; sourceTree = "<group>"; };
		AC81A3302387A1A600C03910 /* Info.plist */ = {isa = PBXFileReference; lastKnownFileType = text.plist.xml; path = Info.plist; sourceTree = "<group>"; };
		AC81A3352387A1A600C03910 /* Test1Tests.xctest */ = {isa = PBXFileReference; explicitFileType = wrapper.cfbundle; includeInIndex = 0; path = Test1Tests.xctest; sourceTree = BUILT_PRODUCTS_DIR; };
		AC81A3392387A1A600C03910 /* Test1Tests.swift */ = {isa = PBXFileReference; lastKnownFileType = sourcecode.swift; path = Test1Tests.swift; sourceTree = "<group>"; };
		AC81A33B2387A1A600C03910 /* Info.plist */ = {isa = PBXFileReference; lastKnownFileType = text.plist.xml; path = Info.plist; sourceTree = "<group>"; };
		AC81A3402387A1A600C03910 /* Test1UITests.xctest */ = {isa = PBXFileReference; explicitFileType = wrapper.cfbundle; includeInIndex = 0; path = Test1UITests.xctest; sourceTree = BUILT_PRODUCTS_DIR; };
		AC81A3442387A1A600C03910 /* Test1UITests.swift */ = {isa = PBXFileReference; lastKnownFileType = sourcecode.swift; path = Test1UITests.swift; sourceTree = "<group>"; };
		AC81A3462387A1A600C03910 /* Info.plist */ = {isa = PBXFileReference; lastKnownFileType = text.plist.xml; path = Info.plist; sourceTree = "<group>"; };
/* End PBXFileReference section */

/* Begin PBXFrameworksBuildPhase section */
		AC81A31E2387A19D00C03910 /* Frameworks */ = {
			isa = PBXFrameworksBuildPhase;
			buildActionMask = 2147483647;
			files = (
			);
			runOnlyForDeploymentPostprocessing = 0;
		};
		AC81A3322387A1A600C03910 /* Frameworks */ = {
			isa = PBXFrameworksBuildPhase;
			buildActionMask = 2147483647;
			files = (
			);
			runOnlyForDeploymentPostprocessing = 0;
		};
		AC81A33D2387A1A600C03910 /* Frameworks */ = {
			isa = PBXFrameworksBuildPhase;
			buildActionMask = 2147483647;
			files = (
			);
			runOnlyForDeploymentPostprocessing = 0;
		};
/* End PBXFrameworksBuildPhase section */

/* Begin PBXGroup section */
		AC81A3182387A19D00C03910 = {
			isa = PBXGroup;
			children = (
				AC81A3232387A19D00C03910 /* Test1 */,
				AC81A3382387A1A600C03910 /* Test1Tests */,
				AC81A3432387A1A600C03910 /* Test1UITests */,
				AC81A3222387A19D00C03910 /* Products */,
			);
			sourceTree = "<group>";
		};
		AC81A3222387A19D00C03910 /* Products */ = {
			isa = PBXGroup;
			children = (
				AC81A3212387A19D00C03910 /* Test1.app */,
				AC81A3352387A1A600C03910 /* Test1Tests.xctest */,
				AC81A3402387A1A600C03910 /* Test1UITests.xctest */,
			);
			name = Products;
			sourceTree = "<group>";
		};
		AC81A3232387A19D00C03910 /* Test1 */ = {
			isa = PBXGroup;
			children = (
				AC81A3242387A19D00C03910 /* AppDelegate.swift */,
				AC81A3262387A19D00C03910 /* ViewController.swift */,
				AC81A3282387A19D00C03910 /* Main.storyboard */,
				AC81A32B2387A1A600C03910 /* Assets.xcassets */,
				AC81A32D2387A1A600C03910 /* LaunchScreen.storyboard */,
				AC81A3302387A1A600C03910 /* Info.plist */,
			);
			path = Test1;
			sourceTree = "<group>";
		};
		AC81A3382387A1A600C03910 /* Test1Tests */ = {
			isa = PBXGroup;
			children = (
				AC81A3392387A1A600C03910 /* Test1Tests.swift */,
				AC81A33B2387A1A600C03910 /* Info.plist */,
			);
			path = Test1Tests;
			sourceTree = "<group>";
		};
		AC81A3432387A1A600C03910 /* Test1UITests */ = {
			isa = PBXGroup;
			children = (
				AC81A3442387A1A600C03910 /* Test1UITests.swift */,
				AC81A3462387A1A600C03910 /* Info.plist */,
			);
			path = Test1UITests;
			sourceTree = "<group>";
		};
/* End PBXGroup section */

/* Begin PBXNativeTarget section */
		AC81A3202387A19D00C03910 /* Test1 */ = {
			isa = PBXNativeTarget;
			buildConfigurationList = AC81A3492387A1A600C03910 /* Build configuration list for PBXNativeTarget "Test1" */;
			buildPhases = (
				AC81A31D2387A19D00C03910 /* Sources */,
				AC81A31E2387A19D00C03910 /* Frameworks */,
				AC81A31F2387A19D00C03910 /* Resources */,
			);
			buildRules = (
			);
			dependencies = (
			);
			name = Test1;
			productName = Test1;
			productReference = AC81A3212387A19D00C03910 /* Test1.app */;
			productType = "com.apple.product-type.application";
		};
		AC81A3342387A1A600C03910 /* Test1Tests */ = {
			isa = PBXNativeTarget;
			buildConfigurationList = AC81A34C2387A1A600C03910 /* Build configuration list for PBXNativeTarget "Test1Tests" */;
			buildPhases = (
				AC81A3312387A1A600C03910 /* Sources */,
				AC81A3322387A1A600C03910 /* Frameworks */,
				AC81A3332387A1A600C03910 /* Resources */,
			);
			buildRules = (
			);
			dependencies = (
				AC81A3372387A1A600C03910 /* PBXTargetDependency */,
			);
			name = Test1Tests;
			productName = Test1Tests;
			productReference = AC81A3352387A1A600C03910 /* Test1Tests.xctest */;
			productType = "com.apple.product-type.bundle.unit-test";
		};
		AC81A33F2387A1A600C03910 /* Test1UITests */ = {
			isa = PBXNativeTarget;
			buildConfigurationList = AC81A34F2387A1A600C03910 /* Build configuration list for PBXNativeTarget "Test1UITests" */;
			buildPhases = (
				AC81A33C2387A1A600C03910 /* Sources */,
				AC81A33D2387A1A600C03910 /* Frameworks */,
				AC81A33E2387A1A600C03910 /* Resources */,
			);
			buildRules = (
			);
			dependencies = (
				AC81A3422387A1A600C03910 /* PBXTargetDependency */,
			);
			name = Test1UITests;
			productName = Test1UITests;
			productReference = AC81A3402387A1A600C03910 /* Test1UITests.xctest */;
			productType = "com.apple.product-type.bundle.ui-testing";
		};
/* End PBXNativeTarget section */

/* Begin PBXProject section */
		AC81A3192387A19D00C03910 /* Project object */ = {
			isa = PBXProject;
			attributes = {
				LastSwiftUpdateCheck = 1010;
				LastUpgradeCheck = 1010;
				ORGANIZATIONNAME = "방문 사용자";
				TargetAttributes = {
					AC81A3202387A19D00C03910 = {
						CreatedOnToolsVersion = 10.1;
					};
					AC81A3342387A1A600C03910 = {
						CreatedOnToolsVersion = 10.1;
						TestTargetID = AC81A3202387A19D00C03910;
					};
					AC81A33F2387A1A600C03910 = {
						CreatedOnToolsVersion = 10.1;
						TestTargetID = AC81A3202387A19D00C03910;
					};
				};
			};
			buildConfigurationList = AC81A31C2387A19D00C03910 /* Build configuration list for PBXProject "Test1" */;
			compatibilityVersion = "Xcode 9.3";
			developmentRegion = en;
			hasScannedForEncodings = 0;
			knownRegions = (
				en,
				Base,
			);
			mainGroup = AC81A3182387A19D00C03910;
			productRefGroup = AC81A3222387A19D00C03910 /* Products */;
			projectDirPath = "";
			projectRoot = "";
			targets = (
				AC81A3202387A19D00C03910 /* Test1 */,
				AC81A3342387A1A600C03910 /* Test1Tests */,
				AC81A33F2387A1A600C03910 /* Test1UITests */,
			);
		};
/* End PBXProject section */

/* Begin PBXResourcesBuildPhase section */
		AC81A31F2387A19D00C03910 /* Resources */ = {
			isa = PBXResourcesBuildPhase;
			buildActionMask = 2147483647;
			files = (
				AC81A32F2387A1A600C03910 /* LaunchScreen.storyboard in Resources */,
				AC81A32C2387A1A600C03910 /* Assets.xcassets in Resources */,
				AC81A32A2387A19D00C03910 /* Main.storyboard in Resources */,
			);
			runOnlyForDeploymentPostprocessing = 0;
		};
		AC81A3332387A1A600C03910 /* Resources */ = {
			isa = PBXResourcesBuildPhase;
			buildActionMask = 2147483647;
			files = (
			);
			runOnlyForDeploymentPostprocessing = 0;
		};
		AC81A33E2387A1A600C03910 /* Resources */ = {
			isa = PBXResourcesBuildPhase;
			buildActionMask = 2147483647;
			files = (
			);
			runOnlyForDeploymentPostprocessing = 0;
		};
/* End PBXResourcesBuildPhase section */

/* Begin PBXSourcesBuildPhase section */
		AC81A31D2387A19D00C03910 /* Sources */ = {
			isa = PBXSourcesBuildPhase;
			buildActionMask = 2147483647;
			files = (
				AC81A3272387A19D00C03910 /* ViewController.swift in Sources */,
				AC81A3252387A19D00C03910 /* AppDelegate.swift in Sources */,
			);
			runOnlyForDeploymentPostprocessing = 0;
		};
		AC81A3312387A1A600C03910 /* Sources */ = {
			isa = PBXSourcesBuildPhase;
			buildActionMask = 2147483647;
			files = (
				AC81A33A2387A1A600C03910 /* Test1Tests.swift in Sources */,
			);
			runOnlyForDeploymentPostprocessing = 0;
		};
		AC81A33C2387A1A600C03910 /* Sources */ = {
			isa = PBXSourcesBuildPhase;
			buildActionMask = 2147483647;
			files = (
				AC81A3452387A1A600C03910 /* Test1UITests.swift in Sources */,
			);
			runOnlyForDeploymentPostprocessing = 0;
		};
/* End PBXSourcesBuildPhase section */

/* Begin PBXTargetDependency section */
		AC81A3372387A1A600C03910 /* PBXTargetDependency */ = {
			isa = PBXTargetDependency;
			target = AC81A3202387A19D00C03910 /* Test1 */;
			targetProxy = AC81A3362387A1A600C03910 /* PBXContainerItemProxy */;
		};
		AC81A3422387A1A600C03910 /* PBXTargetDependency */ = {
			isa = PBXTargetDependency;
			target = AC81A3202387A19D00C03910 /* Test1 */;
			targetProxy = AC81A3412387A1A600C03910 /* PBXContainerItemProxy */;
		};
/* End PBXTargetDependency section */

/* Begin PBXVariantGroup section */
		AC81A3282387A19D00C03910 /* Main.storyboard */ = {
			isa = PBXVariantGroup;
			children = (
				AC81A3292387A19D00C03910 /* Base */,
			);
			name = Main.storyboard;
			sourceTree = "<group>";
		};
		AC81A32D2387A1A600C03910 /* LaunchScreen.storyboard */ = {
			isa = PBXVariantGroup;
			children = (
				AC81A32E2387A1A600C03910 /* Base */,
			);
			name = LaunchScreen.storyboard;
			sourceTree = "<group>";
		};
/* End PBXVariantGroup section */

/* Begin XCBuildConfiguration section */
		AC81A3472387A1A600C03910 /* Debug */ = {
			isa = XCBuildConfiguration;
			buildSettings = {
				ALWAYS_SEARCH_USER_PATHS = NO;
				CLANG_ANALYZER_NONNULL = YES;
				CLANG_ANALYZER_NUMBER_OBJECT_CONVERSION = YES_AGGRESSIVE;
				CLANG_CXX_LANGUAGE_STANDARD = "gnu++14";
				CLANG_CXX_LIBRARY = "libc++";
				CLANG_ENABLE_MODULES = YES;
				CLANG_ENABLE_OBJC_ARC = YES;
				CLANG_ENABLE_OBJC_WEAK = YES;
				CLANG_WARN_BLOCK_CAPTURE_AUTORELEASING = YES;
				CLANG_WARN_BOOL_CONVERSION = YES;
				CLANG_WARN_COMMA = YES;
				CLANG_WARN_CONSTANT_CONVERSION = YES;
				CLANG_WARN_DEPRECATED_OBJC_IMPLEMENTATIONS = YES;
				CLANG_WARN_DIRECT_OBJC_ISA_USAGE = YES_ERROR;
				CLANG_WARN_DOCUMENTATION_COMMENTS = YES;
				CLANG_WARN_EMPTY_BODY = YES;
				CLANG_WARN_ENUM_CONVERSION = YES;
				CLANG_WARN_INFINITE_RECURSION = YES;
				CLANG_WARN_INT_CONVERSION = YES;
				CLANG_WARN_NON_LITERAL_NULL_CONVERSION = YES;
				CLANG_WARN_OBJC_IMPLICIT_RETAIN_SELF = YES;
				CLANG_WARN_OBJC_LITERAL_CONVERSION = YES;
				CLANG_WARN_OBJC_ROOT_CLASS = YES_ERROR;
				CLANG_WARN_RANGE_LOOP_ANALYSIS = YES;
				CLANG_WARN_STRICT_PROTOTYPES = YES;
				CLANG_WARN_SUSPICIOUS_MOVE = YES;
				CLANG_WARN_UNGUARDED_AVAILABILITY = YES_AGGRESSIVE;
				CLANG_WARN_UNREACHABLE_CODE = YES;
				CLANG_WARN__DUPLICATE_METHOD_MATCH = YES;
				CODE_SIGN_IDENTITY = "iPhone Developer";
				COPY_PHASE_STRIP = NO;
				DEBUG_INFORMATION_FORMAT = dwarf;
				ENABLE_STRICT_OBJC_MSGSEND = YES;
				ENABLE_TESTABILITY = YES;
				GCC_C_LANGUAGE_STANDARD = gnu11;
				GCC_DYNAMIC_NO_PIC = NO;
				GCC_NO_COMMON_BLOCKS = YES;
				GCC_OPTIMIZATION_LEVEL = 0;
				GCC_PREPROCESSOR_DEFINITIONS = (
					"DEBUG=1",
					"$(inherited)",
				);
				GCC_WARN_64_TO_32_BIT_CONVERSION = YES;
				GCC_WARN_ABOUT_RETURN_TYPE = YES_ERROR;
				GCC_WARN_UNDECLARED_SELECTOR = YES;
				GCC_WARN_UNINITIALIZED_AUTOS = YES_AGGRESSIVE;
				GCC_WARN_UNUSED_FUNCTION = YES;
				GCC_WARN_UNUSED_VARIABLE = YES;
				IPHONEOS_DEPLOYMENT_TARGET = 12.1;
				MTL_ENABLE_DEBUG_INFO = INCLUDE_SOURCE;
				MTL_FAST_MATH = YES;
				ONLY_ACTIVE_ARCH = YES;
				SDKROOT = iphoneos;
				SWIFT_ACTIVE_COMPILATION_CONDITIONS = DEBUG;
				SWIFT_OPTIMIZATION_LEVEL = "-Onone";
			};
			name = Debug;
		};
		AC81A3482387A1A600C03910 /* Release */ = {
			isa = XCBuildConfiguration;
			buildSettings = {
				ALWAYS_SEARCH_USER_PATHS = NO;
				CLANG_ANALYZER_NONNULL = YES;
				CLANG_ANALYZER_NUMBER_OBJECT_CONVERSION = YES_AGGRESSIVE;
				CLANG_CXX_LANGUAGE_STANDARD = "gnu++14";
				CLANG_CXX_LIBRARY = "libc++";
				CLANG_ENABLE_MODULES = YES;
				CLANG_ENABLE_OBJC_ARC = YES;
				CLANG_ENABLE_OBJC_WEAK = YES;
				CLANG_WARN_BLOCK_CAPTURE_AUTORELEASING = YES;
				CLANG_WARN_BOOL_CONVERSION = YES;
				CLANG_WARN_COMMA = YES;
				CLANG_WARN_CONSTANT_CONVERSION = YES;
				CLANG_WARN_DEPRECATED_OBJC_IMPLEMENTATIONS = YES;
				CLANG_WARN_DIRECT_OBJC_ISA_USAGE = YES_ERROR;
				CLANG_WARN_DOCUMENTATION_COMMENTS = YES;
				CLANG_WARN_EMPTY_BODY = YES;
				CLANG_WARN_ENUM_CONVERSION = YES;
				CLANG_WARN_INFINITE_RECURSION = YES;
				CLANG_WARN_INT_CONVERSION = YES;
				CLANG_WARN_NON_LITERAL_NULL_CONVERSION = YES;
				CLANG_WARN_OBJC_IMPLICIT_RETAIN_SELF = YES;
				CLANG_WARN_OBJC_LITERAL_CONVERSION = YES;
				CLANG_WARN_OBJC_ROOT_CLASS = YES_ERROR;
				CLANG_WARN_RANGE_LOOP_ANALYSIS = YES;
				CLANG_WARN_STRICT_PROTOTYPES = YES;
				CLANG_WARN_SUSPICIOUS_MOVE = YES;
				CLANG_WARN_UNGUARDED_AVAILABILITY = YES_AGGRESSIVE;
				CLANG_WARN_UNREACHABLE_CODE = YES;
				CLANG_WARN__DUPLICATE_METHOD_MATCH = YES;
				CODE_SIGN_IDENTITY = "iPhone Developer";
				COPY_PHASE_STRIP = NO;
				DEBUG_INFORMATION_FORMAT = "dwarf-with-dsym";
				ENABLE_NS_ASSERTIONS = NO;
				ENABLE_STRICT_OBJC_MSGSEND = YES;
				GCC_C_LANGUAGE_STANDARD = gnu11;
				GCC_NO_COMMON_BLOCKS = YES;
				GCC_WARN_64_TO_32_BIT_CONVERSION = YES;
				GCC_WARN_ABOUT_RETURN_TYPE = YES_ERROR;
				GCC_WARN_UNDECLARED_SELECTOR = YES;
				GCC_WARN_UNINITIALIZED_AUTOS = YES_AGGRESSIVE;
				GCC_WARN_UNUSED_FUNCTION = YES;
				GCC_WARN_UNUSED_VARIABLE = YES;
				IPHONEOS_DEPLOYMENT_TARGET = 12.1;
				MTL_ENABLE_DEBUG_INFO = NO;
				MTL_FAST_MATH = YES;
				SDKROOT = iphoneos;
				SWIFT_COMPILATION_MODE = wholemodule;
				SWIFT_OPTIMIZATION_LEVEL = "-O";
				VALIDATE_PRODUCT = YES;
			};
			name = Release;
		};
		AC81A34A2387A1A600C03910 /* Debug */ = {
			isa = XCBuildConfiguration;
			buildSettings = {
				ASSETCATALOG_COMPILER_APPICON_NAME = AppIcon;
				CODE_SIGN_STYLE = Automatic;
				INFOPLIST_FILE = Test1/Info.plist;
				LD_RUNPATH_SEARCH_PATHS = (
					"$(inherited)",
					"@executable_path/Frameworks",
				);
				PRODUCT_BUNDLE_IDENTIFIER = RE.Test1;
				PRODUCT_NAME = "$(TARGET_NAME)";
				SWIFT_VERSION = 4.2;
				TARGETED_DEVICE_FAMILY = "1,2";
			};
			name = Debug;
		};
		AC81A34B2387A1A600C03910 /* Release */ = {
			isa = XCBuildConfiguration;
			buildSettings = {
				ASSETCATALOG_COMPILER_APPICON_NAME = AppIcon;
				CODE_SIGN_STYLE = Automatic;
				INFOPLIST_FILE = Test1/Info.plist;
				LD_RUNPATH_SEARCH_PATHS = (
					"$(inherited)",
					"@executable_path/Frameworks",
				);
				PRODUCT_BUNDLE_IDENTIFIER = RE.Test1;
				PRODUCT_NAME = "$(TARGET_NAME)";
				SWIFT_VERSION = 4.2;
				TARGETED_DEVICE_FAMILY = "1,2";
			};
			name = Release;
		};
		AC81A34D2387A1A600C03910 /* Debug */ = {
			isa = XCBuildConfiguration;
			buildSettings = {
				ALWAYS_EMBED_SWIFT_STANDARD_LIBRARIES = YES;
				BUNDLE_LOADER = "$(TEST_HOST)";
				CODE_SIGN_STYLE = Automatic;
				INFOPLIST_FILE = Test1Tests/Info.plist;
				LD_RUNPATH_SEARCH_PATHS = (
					"$(inherited)",
					"@executable_path/Frameworks",
					"@loader_path/Frameworks",
				);
				PRODUCT_BUNDLE_IDENTIFIER = RE.Test1Tests;
				PRODUCT_NAME = "$(TARGET_NAME)";
				SWIFT_VERSION = 4.2;
				TARGETED_DEVICE_FAMILY = "1,2";
				TEST_HOST = "$(BUILT_PRODUCTS_DIR)/Test1.app/Test1";
			};
			name = Debug;
		};
		AC81A34E2387A1A600C03910 /* Release */ = {
			isa = XCBuildConfiguration;
			buildSettings = {
				ALWAYS_EMBED_SWIFT_STANDARD_LIBRARIES = YES;
				BUNDLE_LOADER = "$(TEST_HOST)";
				CODE_SIGN_STYLE = Automatic;
				INFOPLIST_FILE = Test1Tests/Info.plist;
				LD_RUNPATH_SEARCH_PATHS = (
					"$(inherited)",
					"@executable_path/Frameworks",
					"@loader_path/Frameworks",
				);
				PRODUCT_BUNDLE_IDENTIFIER = RE.Test1Tests;
				PRODUCT_NAME = "$(TARGET_NAME)";
				SWIFT_VERSION = 4.2;
				TARGETED_DEVICE_FAMILY = "1,2";
				TEST_HOST = "$(BUILT_PRODUCTS_DIR)/Test1.app/Test1";
			};
			name = Release;
		};
		AC81A3502387A1A600C03910 /* Debug */ = {
			isa = XCBuildConfiguration;
			buildSettings = {
				ALWAYS_EMBED_SWIFT_STANDARD_LIBRARIES = YES;
				CODE_SIGN_STYLE = Automatic;
				INFOPLIST_FILE = Test1UITests/Info.plist;
				LD_RUNPATH_SEARCH_PATHS = (
					"$(inherited)",
					"@executable_path/Frameworks",
					"@loader_path/Frameworks",
				);
				PRODUCT_BUNDLE_IDENTIFIER = RE.Test1UITests;
				PRODUCT_NAME = "$(TARGET_NAME)";
				SWIFT_VERSION = 4.2;
				TARGETED_DEVICE_FAMILY = "1,2";
				TEST_TARGET_NAME = Test1;
			};
			name = Debug;
		};
		AC81A3512387A1A600C03910 /* Release */ = {
			isa = XCBuildConfiguration;
			buildSettings = {
				ALWAYS_EMBED_SWIFT_STANDARD_LIBRARIES = YES;
				CODE_SIGN_STYLE = Automatic;
				INFOPLIST_FILE = Test1UITests/Info.plist;
				LD_RUNPATH_SEARCH_PATHS = (
					"$(inherited)",
					"@executable_path/Frameworks",
					"@loader_path/Frameworks",
				);
				PRODUCT_BUNDLE_IDENTIFIER = RE.Test1UITests;
				PRODUCT_NAME = "$(TARGET_NAME)";
				SWIFT_VERSION = 4.2;
				TARGETED_DEVICE_FAMILY = "1,2";
				TEST_TARGET_NAME = Test1;
			};
			name = Release;
		};
/* End XCBuildConfiguration section */

/* Begin XCConfigurationList section */
		AC81A31C2387A19D00C03910 /* Build configuration list for PBXProject "Test1" */ = {
			isa = XCConfigurationList;
			buildConfigurations = (
				AC81A3472387A1A600C03910 /* Debug */,
				AC81A3482387A1A600C03910 /* Release */,
			);
			defaultConfigurationIsVisible = 0;
			defaultConfigurationName = Release;
		};
		AC81A3492387A1A600C03910 /* Build configuration list for PBXNativeTarget "Test1" */ = {
			isa = XCConfigurationList;
			buildConfigurations = (
				AC81A34A2387A1A600C03910 /* Debug */,
				AC81A34B2387A1A600C03910 /* Release */,
			);
			defaultConfigurationIsVisible = 0;
			defaultConfigurationName = Release;
		};
		AC81A34C2387A1A600C03910 /* Build configuration list for PBXNativeTarget "Test1Tests" */ = {
			isa = XCConfigurationList;
			buildConfigurations = (
				AC81A34D2387A1A600C03910 /* Debug */,
				AC81A34E2387A1A600C03910 /* Release */,
			);
			defaultConfigurationIsVisible = 0;
			defaultConfigurationName = Release;
		};
		AC81A34F2387A1A600C03910 /* Build configuration list for PBXNativeTarget "Test1UITests" */ = {
			isa = XCConfigurationList;
			buildConfigurations = (
				AC81A3502387A1A600C03910 /* Debug */,
				AC81A3512387A1A600C03910 /* Release */,
			);
			defaultConfigurationIsVisible = 0;
			defaultConfigurationName = Release;
		};
/* End XCConfigurationList section */
	};
	rootObject = AC81A3192387A19D00C03910 /* Project object */;
}
